
Microsoft Visual Studio Solution File, Format Version 12.00
# Visual Studio Version 17
VisualStudioVersion = 17.0.32126.317
MinimumVisualStudioVersion = 10.0.40219.1
Project("{9A19103F-16F7-4668-BE54-9A1E7A4F7556}") = "NewArch.MVC", "NewArch\NewArch.MVC.csproj", "{03B818DB-B66D-4B81-8347-8750E3786080}"
EndProject
Project("{2150E333-8FDC-42A3-9474-1A3956D46DE8}") = "NewArch.Application", "NewArch.Application", "{0A6C97EB-EFEC-4705-982A-21DB461D6441}"
EndProject
Project("{2150E333-8FDC-42A3-9474-1A3956D46DE8}") = "NewArch.Domain", "NewArch.Domain", "{162C00A2-104F-4C59-9D90-961051757E7E}"
EndProject
Project("{2150E333-8FDC-42A3-9474-1A3956D46DE8}") = "NewArch.Infra.Ioc", "NewArch.Infra.Ioc", "{E4F2B153-3C01-4419-97AD-73405625B8D1}"
EndProject
Project("{2150E333-8FDC-42A3-9474-1A3956D46DE8}") = "NewArch.Infra.Data", "NewArch.Infra.Data", "{7656EAA5-925D-4C36-AFBE-5BFC1B779C49}"
EndProject
Project("{2150E333-8FDC-42A3-9474-1A3956D46DE8}") = "NewArch.UI.MVC", "NewArch.UI.MVC", "{895233AB-6780-4AF3-ABA2-E0D5394107FC}"
EndProject
Project("{FAE04EC0-301F-11D3-BF4B-00C04F79EFBC}") = "NewArch.Domain", "NewArch.Domain\NewArch.Domain.csproj", "{102D5001-9CB3-4833-9FAD-85CB222B3C39}"
EndProject
Project("{FAE04EC0-301F-11D3-BF4B-00C04F79EFBC}") = "NewArch.Infra.Data", "NewArch.Infra.Data\NewArch.Infra.Data.csproj", "{1B81EAEA-6F7B-4992-8F4C-FF07E0BE7994}"
EndProject
Project("{FAE04EC0-301F-11D3-BF4B-00C04F79EFBC}") = "NewArch.Application", "NewArch.Application\NewArch.Application.csproj", "{5D15A90A-F02C-421D-98CA-DA2CDC2DF879}"
EndProject
Project("{FAE04EC0-301F-11D3-BF4B-00C04F79EFBC}") = "NewArch.Infra.Ioc", "NewArch.Infra.Ioc\NewArch.Infra.Ioc.csproj", "{61098924-38EF-4918-90B9-16E9BE491996}"
EndProject
Global
	GlobalSection(SolutionConfigurationPlatforms) = preSolution
		Debug|Any CPU = Debug|Any CPU
		Release|Any CPU = Release|Any CPU
	EndGlobalSection
	GlobalSection(ProjectConfigurationPlatforms) = postSolution
		{03B818DB-B66D-4B81-8347-8750E3786080}.Debug|Any CPU.ActiveCfg = Debug|Any CPU
		{03B818DB-B66D-4B81-8347-8750E3786080}.Debug|Any CPU.Build.0 = Debug|Any CPU
		{03B818DB-B66D-4B81-8347-8750E3786080}.Release|Any CPU.ActiveCfg = Release|Any CPU
		{03B818DB-B66D-4B81-8347-8750E3786080}.Release|Any CPU.Build.0 = Release|Any CPU
		{102D5001-9CB3-4833-9FAD-85CB222B3C39}.Debug|Any CPU.ActiveCfg = Debug|Any CPU
		{102D5001-9CB3-4833-9FAD-85CB222B3C39}.Debug|Any CPU.Build.0 = Debug|Any CPU
		{102D5001-9CB3-4833-9FAD-85CB222B3C39}.Release|Any CPU.ActiveCfg = Release|Any CPU
		{102D5001-9CB3-4833-9FAD-85CB222B3C39}.Release|Any CPU.Build.0 = Release|Any CPU
		{1B81EAEA-6F7B-4992-8F4C-FF07E0BE7994}.Debug|Any CPU.ActiveCfg = Debug|Any CPU
		{1B81EAEA-6F7B-4992-8F4C-FF07E0BE7994}.Debug|Any CPU.Build.0 = Debug|Any CPU
		{1B81EAEA-6F7B-4992-8F4C-FF07E0BE7994}.Release|Any CPU.ActiveCfg = Release|Any CPU
		{1B81EAEA-6F7B-4992-8F4C-FF07E0BE7994}.Release|Any CPU.Build.0 = Release|Any CPU
		{5D15A90A-F02C-421D-98CA-DA2CDC2DF879}.Debug|Any CPU.ActiveCfg = Debug|Any CPU
		{5D15A90A-F02C-421D-98CA-DA2CDC2DF879}.Debug|Any CPU.Build.0 = Debug|Any CPU
		{5D15A90A-F02C-421D-98CA-DA2CDC2DF879}.Release|Any CPU.ActiveCfg = Release|Any CPU
		{5D15A90A-F02C-421D-98CA-DA2CDC2DF879}.Release|Any CPU.Build.0 = Release|Any CPU
		{61098924-38EF-4918-90B9-16E9BE491996}.Debug|Any CPU.ActiveCfg = Debug|Any CPU
		{61098924-38EF-4918-90B9-16E9BE491996}.Debug|Any CPU.Build.0 = Debug|Any CPU
		{61098924-38EF-4918-90B9-16E9BE491996}.Release|Any CPU.ActiveCfg = Release|Any CPU
		{61098924-38EF-4918-90B9-16E9BE491996}.Release|Any CPU.Build.0 = Release|Any CPU
	EndGlobalSection
	GlobalSection(SolutionProperties) = preSolution
		HideSolutionNode = FALSE
	EndGlobalSection
	GlobalSection(NestedProjects) = preSolution
		{03B818DB-B66D-4B81-8347-8750E3786080} = {895233AB-6780-4AF3-ABA2-E0D5394107FC}
		{102D5001-9CB3-4833-9FAD-85CB222B3C39} = {162C00A2-104F-4C59-9D90-961051757E7E}
		{1B81EAEA-6F7B-4992-8F4C-FF07E0BE7994} = {7656EAA5-925D-4C36-AFBE-5BFC1B779C49}
		{5D15A90A-F02C-421D-98CA-DA2CDC2DF879} = {0A6C97EB-EFEC-4705-982A-21DB461D6441}
		{61098924-38EF-4918-90B9-16E9BE491996} = {E4F2B153-3C01-4419-97AD-73405625B8D1}
	EndGlobalSection
	GlobalSection(ExtensibilityGlobals) = postSolution
		SolutionGuid = {13C87D3E-79CF-4EB9-8FFB-6C65CD15D935}
	EndGlobalSection
EndGlobal
